
Microsoft Visual Studio Solution File, Format Version 12.00
# Visual Studio Version 17
VisualStudioVersion = 17.2.32526.322
MinimumVisualStudioVersion = 10.0.40219.1
Project("{FAE04EC0-301F-11D3-BF4B-00C04F79EFBC}") = "TestBus", "TestBus\TestBus.csproj", "{F646C604-2AFB-4876-BA0C-5839F6B4DAA8}"
EndProject
Global
	GlobalSection(SolutionConfigurationPlatforms) = preSolution
		Debug|Any CPU = Debug|Any CPU
		Release|Any CPU = Release|Any CPU
	EndGlobalSection
	GlobalSection(ProjectConfigurationPlatforms) = postSolution
		{F646C604-2AFB-4876-BA0C-5839F6B4DAA8}.Debug|Any CPU.ActiveCfg = Debug|Any CPU
		{F646C604-2AFB-4876-BA0C-5839F6B4DAA8}.Debug|Any CPU.Build.0 = Debug|Any CPU
		{F646C604-2AFB-4876-BA0C-5839F6B4DAA8}.Debug|Any CPU.Deploy.0 = Debug|Any CPU
		{F646C604-2AFB-4876-BA0C-5839F6B4DAA8}.Release|Any CPU.ActiveCfg = Release|Any CPU
		{F646C604-2AFB-4876-BA0C-5839F6B4DAA8}.Release|Any CPU.Build.0 = Release|Any CPU
		{F646C604-2AFB-4876-BA0C-5839F6B4DAA8}.Release|Any CPU.Deploy.0 = Release|Any CPU
	EndGlobalSection
	GlobalSection(SolutionProperties) = preSolution
		HideSolutionNode = FALSE
	EndGlobalSection
	GlobalSection(ExtensibilityGlobals) = postSolution
		SolutionGuid = {21268C52-F5DD-44D0-AE59-DE2842AD48D2}
	EndGlobalSection
EndGlobal
